# This file is automatically @generated by Poetry 2.1.3 and should not be changed by hand.

[[package]]
name = "evdev"
version = "1.9.2"
description = "Bindings to the Linux input handling subsystem"
optional = false
python-versions = ">=3.8"
groups = ["main"]
files = [
    {file = "evdev-1.9.2.tar.gz", hash = "sha256:5d3278892ce1f92a74d6bf888cc8525d9f68af85dbe336c95d1c87fb8f423069"},
]

[metadata]
lock-version = "2.1"
python-versions = "^3.8"
content-hash = "6ea001e12a53f46a843e4321e60002b8f267d93302a03330020550b7978b30ee"
