# This file is automatically @generated by Poetry 2.1.1 and should not be changed by hand.

[[package]]
name = "evdev"
version = "1.9.2"
description = "Bindings to the Linux input handling subsystem"
optional = false
python-versions = ">=3.8"
groups = ["main"]
markers = "sys_platform == \"linux\""
files = [
    {file = "evdev-1.9.2.tar.gz", hash = "sha256:5d3278892ce1f92a74d6bf888cc8525d9f68af85dbe336c95d1c87fb8f423069"},
]

[metadata]
lock-version = "2.1"
python-versions = "^3.9"
content-hash = "8d02641ec984e26763a3964b8baf5ff232bbac6efe6060aaa911636f8db8d2e9"
